// !$*UTF8*$!
{
	archiveVersion = 1;
	classes = {
	};
	objectVersion = 77;
	objects = {

/* Begin PBXBuildFile section */
		7C10CC6D2DC2F91000FC9C3A /* SpriteKit.framework in Frameworks */ = {isa = PBXBuildFile; fileRef = 7C10CC6C2DC2F91000FC9C3A /* SpriteKit.framework */; };
		7C10CC6F2DC2F91700FC9C3A /* GameplayKit.framework in Frameworks */ = {isa = PBXBuildFile; fileRef = 7C10CC6E2DC2F91700FC9C3A /* GameplayKit.framework */; };
		7C10CC712DC2F91F00FC9C3A /* CoreHaptics.framework in Frameworks */ = {isa = PBXBuildFile; fileRef = 7C10CC702DC2F91F00FC9C3A /* CoreHaptics.framework */; };
		7C10CC732DC2F92600FC9C3A /* AVFoundation.framework in Frameworks */ = {isa = PBXBuildFile; fileRef = 7C10CC722DC2F92600FC9C3A /* AVFoundation.framework */; };
		7C10CC742DC2F92600FC9C3B /* ADMKPIWeightTests.swift in Sources */ = {isa = PBXBuildFile; fileRef = 7C10CC752DC2F92600FC9C3B /* ADMKPIWeightTests.swift */; };
/* End PBXBuildFile section */

/* Begin PBXContainerItemProxy section */
		7C10CC5E2DC2F43E00FC9C3A /* PBXContainerItemProxy */ = {
			isa = PBXContainerItemProxy;
			containerPortal = 7CD2BA2A2DA2AD610004608B /* Project object */;
			proxyType = 1;
			remoteGlobalIDString = 7CD2BA312DA2AD610004608B;
			remoteInfo = KB2;
		};
/* End PBXContainerItemProxy section */

/* Begin PBXFileReference section */
		7C10CC5A2DC2F43E00FC9C3A /* KB2Tests.xctest */ = {isa = PBXFileReference; explicitFileType = wrapper.cfbundle; includeInIndex = 0; path = KB2Tests.xctest; sourceTree = BUILT_PRODUCTS_DIR; };
		7C10CC752DC2F92600FC9C3B /* ADMKPIWeightTests.swift */ = {isa = PBXFileReference; lastKnownFileType = sourcecode.swift; path = KB2Tests/ADMKPIWeightTests.swift; sourceTree = "<group>"; };
		7C10CC6C2DC2F91000FC9C3A /* SpriteKit.framework */ = {isa = PBXFileReference; lastKnownFileType = wrapper.framework; name = SpriteKit.framework; path = Platforms/MacOSX.platform/Developer/SDKs/MacOSX15.2.sdk/System/iOSSupport/System/Library/Frameworks/SpriteKit.framework; sourceTree = DEVELOPER_DIR; };
		7C10CC6E2DC2F91700FC9C3A /* GameplayKit.framework */ = {isa = PBXFileReference; lastKnownFileType = wrapper.framework; name = GameplayKit.framework; path = Platforms/MacOSX.platform/Developer/SDKs/MacOSX15.2.sdk/System/iOSSupport/System/Library/Frameworks/GameplayKit.framework; sourceTree = DEVELOPER_DIR; };
		7C10CC702DC2F91F00FC9C3A /* CoreHaptics.framework */ = {isa = PBXFileReference; lastKnownFileType = wrapper.framework; name = CoreHaptics.framework; path = Platforms/MacOSX.platform/Developer/SDKs/MacOSX15.2.sdk/System/Library/Frameworks/CoreHaptics.framework; sourceTree = DEVELOPER_DIR; };
		7C10CC722DC2F92600FC9C3A /* AVFoundation.framework */ = {isa = PBXFileReference; lastKnownFileType = wrapper.framework; name = AVFoundation.framework; path = Platforms/MacOSX.platform/Developer/SDKs/MacOSX15.2.sdk/System/Library/Frameworks/AVFoundation.framework; sourceTree = DEVELOPER_DIR; };
		7CD2BA322DA2AD610004608B /* KB2.app */ = {isa = PBXFileReference; explicitFileType = wrapper.application; includeInIndex = 0; path = KB2.app; sourceTree = BUILT_PRODUCTS_DIR; };
/* End PBXFileReference section */

/* Begin PBXFileSystemSynchronizedRootGroup section */
		7C10CC5B2DC2F43E00FC9C3A /* KB2Tests */ = {
			isa = PBXFileSystemSynchronizedRootGroup;
			path = KB2Tests;
			sourceTree = "<group>";
		};
		7CD2BA342DA2AD610004608B /* KB2 */ = {
			isa = PBXFileSystemSynchronizedRootGroup;
			path = KB2;
			sourceTree = "<group>";
		};
/* End PBXFileSystemSynchronizedRootGroup section */

/* Begin PBXFrameworksBuildPhase section */
		7C10CC572DC2F43E00FC9C3A /* Frameworks */ = {
			isa = PBXFrameworksBuildPhase;
			buildActionMask = 2147483647;
			files = (
				7C10CC732DC2F92600FC9C3A /* AVFoundation.framework in Frameworks */,
				7C10CC712DC2F91F00FC9C3A /* CoreHaptics.framework in Frameworks */,
				7C10CC6F2DC2F91700FC9C3A /* GameplayKit.framework in Frameworks */,
				7C10CC6D2DC2F91000FC9C3A /* SpriteKit.framework in Frameworks */,
			);
			runOnlyForDeploymentPostprocessing = 0;
		};
		7CD2BA2F2DA2AD610004608B /* Frameworks */ = {
			isa = PBXFrameworksBuildPhase;
			buildActionMask = 2147483647;
			files = (
			);
			runOnlyForDeploymentPostprocessing = 0;
		};
/* End PBXFrameworksBuildPhase section */

/* Begin PBXGroup section */
		7C10CC6B2DC2F91000FC9C3A /* Frameworks */ = {
			isa = PBXGroup;
			children = (
				7C10CC722DC2F92600FC9C3A /* AVFoundation.framework */,
				7C10CC702DC2F91F00FC9C3A /* CoreHaptics.framework */,
				7C10CC6E2DC2F91700FC9C3A /* GameplayKit.framework */,
				7C10CC6C2DC2F91000FC9C3A /* SpriteKit.framework */,
			);
			name = Frameworks;
			sourceTree = "<group>";
		};
		7CD2BA292DA2AD610004608B = {
			isa = PBXGroup;
			children = (
				7CD2BA342DA2AD610004608B /* KB2 */,
				7C10CC5B2DC2F43E00FC9C3A /* KB2Tests */,
				7C10CC6B2DC2F91000FC9C3A /* Frameworks */,
				7CD2BA332DA2AD610004608B /* Products */,
			);
			sourceTree = "<group>";
		};
		7CD2BA332DA2AD610004608B /* Products */ = {
			isa = PBXGroup;
			children = (
				7CD2BA322DA2AD610004608B /* KB2.app */,
				7C10CC5A2DC2F43E00FC9C3A /* KB2Tests.xctest */,
			);
			name = Products;
			sourceTree = "<group>";
		};
/* End PBXGroup section */

/* Begin PBXNativeTarget section */
		7C10CC592DC2F43E00FC9C3A /* KB2Tests */ = {
			isa = PBXNativeTarget;
			buildConfigurationList = 7C10CC602DC2F43E00FC9C3A /* Build configuration list for PBXNativeTarget "KB2Tests" */;
			buildPhases = (
				7C10CC562DC2F43E00FC9C3A /* Sources */,
				7C10CC572DC2F43E00FC9C3A /* Frameworks */,
				7C10CC582DC2F43E00FC9C3A /* Resources */,
			);
			buildRules = (
			);
			dependencies = (
				7C10CC5F2DC2F43E00FC9C3A /* PBXTargetDependency */,
			);
			fileSystemSynchronizedGroups = (
				7C10CC5B2DC2F43E00FC9C3A /* KB2Tests */,
			);
			name = KB2Tests;
			packageProductDependencies = (
			);
			productName = KB2Tests;
			productReference = 7C10CC5A2DC2F43E00FC9C3A /* KB2Tests.xctest */;
			productType = "com.apple.product-type.bundle.unit-test";
		};
		7CD2BA312DA2AD610004608B /* KB2 */ = {
			isa = PBXNativeTarget;
			buildConfigurationList = 7CD2BA492DA2AD620004608B /* Build configuration list for PBXNativeTarget "KB2" */;
			buildPhases = (
				7CD2BA2E2DA2AD610004608B /* Sources */,
				7CD2BA2F2DA2AD610004608B /* Frameworks */,
				7CD2BA302DA2AD610004608B /* Resources */,
			);
			buildRules = (
			);
			dependencies = (
			);
			fileSystemSynchronizedGroups = (
				7CD2BA342DA2AD610004608B /* KB2 */,
			);
			name = KB2;
			packageProductDependencies = (
			);
			productName = KB2;
			productReference = 7CD2BA322DA2AD610004608B /* KB2.app */;
			productType = "com.apple.product-type.application";
		};
/* End PBXNativeTarget section */

/* Begin PBXProject section */
		7CD2BA2A2DA2AD610004608B /* Project object */ = {
			isa = PBXProject;
			attributes = {
				BuildIndependentTargetsInParallel = 1;
				LastSwiftUpdateCheck = 1620;
				LastUpgradeCheck = 1620;
				TargetAttributes = {
					7C10CC592DC2F43E00FC9C3A = {
						CreatedOnToolsVersion = 16.2;
						TestTargetID = 7CD2BA312DA2AD610004608B;
					};
					7CD2BA312DA2AD610004608B = {
						CreatedOnToolsVersion = 16.2;
					};
				};
			};
			buildConfigurationList = 7CD2BA2D2DA2AD610004608B /* Build configuration list for PBXProject "KB2" */;
			developmentRegion = en;
			hasScannedForEncodings = 0;
			knownRegions = (
				en,
				Base,
			);
			mainGroup = 7CD2BA292DA2AD610004608B;
			minimizedProjectReferenceProxies = 1;
			preferredProjectObjectVersion = 77;
			productRefGroup = 7CD2BA332DA2AD610004608B /* Products */;
			projectDirPath = "";
			projectRoot = "";
			targets = (
				7CD2BA312DA2AD610004608B /* KB2 */,
				7C10CC592DC2F43E00FC9C3A /* KB2Tests */,
			);
		};
/* End PBXProject section */

/* Begin PBXResourcesBuildPhase section */
		7C10CC582DC2F43E00FC9C3A /* Resources */ = {
			isa = PBXResourcesBuildPhase;
			buildActionMask = 2147483647;
			files = (
			);
			runOnlyForDeploymentPostprocessing = 0;
		};
		7CD2BA302DA2AD610004608B /* Resources */ = {
			isa = PBXResourcesBuildPhase;
			buildActionMask = 2147483647;
			files = (
			);
			runOnlyForDeploymentPostprocessing = 0;
		};
/* End PBXResourcesBuildPhase section */

/* Begin PBXSourcesBuildPhase section */
		7C10CC562DC2F43E00FC9C3A /* Sources */ = {
			isa = PBXSourcesBuildPhase;
			buildActionMask = 2147483647;
			files = (
			);
			runOnlyForDeploymentPostprocessing = 0;
		};
		7CD2BA2E2DA2AD610004608B /* Sources */ = {
			isa = PBXSourcesBuildPhase;
			buildActionMask = 2147483647;
			files = (
			);
			runOnlyForDeploymentPostprocessing = 0;
		};
/* End PBXSourcesBuildPhase section */

/* Begin PBXTargetDependency section */
		7C10CC5F2DC2F43E00FC9C3A /* PBXTargetDependency */ = {
			isa = PBXTargetDependency;
			target = 7CD2BA312DA2AD610004608B /* KB2 */;
			targetProxy = 7C10CC5E2DC2F43E00FC9C3A /* PBXContainerItemProxy */;
		};
/* End PBXTargetDependency section */

/* Begin XCBuildConfiguration section */
		7C10CC612DC2F43E00FC9C3A /* Debug */ = {
			isa = XCBuildConfiguration;
			buildSettings = {
				BUNDLE_LOADER = "$(TEST_HOST)";
				CODE_SIGN_STYLE = Automatic;
				CURRENT_PROJECT_VERSION = 1;
				DEVELOPMENT_TEAM = 4FG9HV6926;
				GENERATE_INFOPLIST_FILE = YES;
				MARKETING_VERSION = 1.0;
				PRODUCT_BUNDLE_IDENTIFIER = com.trainingstate.KB2Tests;
				PRODUCT_NAME = "$(TARGET_NAME)";
				SWIFT_EMIT_LOC_STRINGS = NO;
				"SWIFT_INCLUDE_PATHS[arch=*]" = "$(SRCROOT)/KB2";
				SWIFT_VERSION = 5.0;
				TARGETED_DEVICE_FAMILY = "1,2";
				TEST_HOST = "$(BUILT_PRODUCTS_DIR)/KB2.app/$(BUNDLE_EXECUTABLE_FOLDER_PATH)/KB2";
			};
			name = Debug;
		};
		7C10CC622DC2F43E00FC9C3A /* Release */ = {
			isa = XCBuildConfiguration;
			buildSettings = {
				BUNDLE_LOADER = "$(TEST_HOST)";
				CODE_SIGN_STYLE = Automatic;
				CURRENT_PROJECT_VERSION = 1;
				DEVELOPMENT_TEAM = 4FG9HV6926;
				GENERATE_INFOPLIST_FILE = YES;
				MARKETING_VERSION = 1.0;
				PRODUCT_BUNDLE_IDENTIFIER = com.trainingstate.KB2Tests;
				PRODUCT_NAME = "$(TARGET_NAME)";
				SWIFT_EMIT_LOC_STRINGS = NO;
				SWIFT_VERSION = 5.0;
				TARGETED_DEVICE_FAMILY = "1,2";
				TEST_HOST = "$(BUILT_PRODUCTS_DIR)/KB2.app/$(BUNDLE_EXECUTABLE_FOLDER_PATH)/KB2";
			};
			name = Release;
		};
		7CD2BA472DA2AD620004608B /* Debug */ = {
			isa = XCBuildConfiguration;
			buildSettings = {
				ALWAYS_SEARCH_USER_PATHS = NO;
				ASSETCATALOG_COMPILER_GENERATE_SWIFT_ASSET_SYMBOL_EXTENSIONS = YES;
				CLANG_ANALYZER_NONNULL = YES;
				CLANG_ANALYZER_NUMBER_OBJECT_CONVERSION = YES_AGGRESSIVE;
				CLANG_CXX_LANGUAGE_STANDARD = "gnu++20";
				CLANG_ENABLE_MODULES = YES;
				CLANG_ENABLE_OBJC_ARC = YES;
				CLANG_ENABLE_OBJC_WEAK = YES;
				CLANG_WARN_BLOCK_CAPTURE_AUTORELEASING = YES;
				CLANG_WARN_BOOL_CONVERSION = YES;
				CLANG_WARN_COMMA = YES;
				CLANG_WARN_CONSTANT_CONVERSION = YES;
				CLANG_WARN_DEPRECATED_OBJC_IMPLEMENTATIONS = YES;
				CLANG_WARN_DIRECT_OBJC_ISA_USAGE = YES_ERROR;
				CLANG_WARN_DOCUMENTATION_COMMENTS = YES;
				CLANG_WARN_EMPTY_BODY = YES;
				CLANG_WARN_ENUM_CONVERSION = YES;
				CLANG_WARN_INFINITE_RECURSION = YES;
				CLANG_WARN_INT_CONVERSION = YES;
				CLANG_WARN_NON_LITERAL_NULL_CONVERSION = YES;
				CLANG_WARN_OBJC_IMPLICIT_RETAIN_SELF = YES;
				CLANG_WARN_OBJC_LITERAL_CONVERSION = YES;
				CLANG_WARN_OBJC_ROOT_CLASS = YES_ERROR;
				CLANG_WARN_QUOTED_INCLUDE_IN_FRAMEWORK_HEADER = YES;
				CLANG_WARN_RANGE_LOOP_ANALYSIS = YES;
				CLANG_WARN_STRICT_PROTOTYPES = YES;
				CLANG_WARN_SUSPICIOUS_MOVE = YES;
				CLANG_WARN_UNGUARDED_AVAILABILITY = YES_AGGRESSIVE;
				CLANG_WARN_UNREACHABLE_CODE = YES;
				CLANG_WARN__DUPLICATE_METHOD_MATCH = YES;
				COPY_PHASE_STRIP = NO;
				DEBUG_INFORMATION_FORMAT = dwarf;
				ENABLE_STRICT_OBJC_MSGSEND = YES;
				ENABLE_TESTABILITY = YES;
				ENABLE_USER_SCRIPT_SANDBOXING = YES;
				GCC_C_LANGUAGE_STANDARD = gnu17;
				GCC_DYNAMIC_NO_PIC = NO;
				GCC_NO_COMMON_BLOCKS = YES;
				GCC_OPTIMIZATION_LEVEL = 0;
				GCC_PREPROCESSOR_DEFINITIONS = (
					"DEBUG=1",
					"$(inherited)",
				);
				GCC_WARN_64_TO_32_BIT_CONVERSION = YES;
				GCC_WARN_ABOUT_RETURN_TYPE = YES_ERROR;
				GCC_WARN_UNDECLARED_SELECTOR = YES;
				GCC_WARN_UNINITIALIZED_AUTOS = YES_AGGRESSIVE;
				GCC_WARN_UNUSED_FUNCTION = YES;
				GCC_WARN_UNUSED_VARIABLE = YES;
				IPHONEOS_DEPLOYMENT_TARGET = 18.2;
				LOCALIZATION_PREFERS_STRING_CATALOGS = YES;
				MTL_ENABLE_DEBUG_INFO = INCLUDE_SOURCE;
				MTL_FAST_MATH = YES;
				ONLY_ACTIVE_ARCH = YES;
				SDKROOT = iphoneos;
				SWIFT_ACTIVE_COMPILATION_CONDITIONS = "DEBUG $(inherited)";
				SWIFT_OPTIMIZATION_LEVEL = "-Onone";
			};
			name = Debug;
		};
		7CD2BA482DA2AD620004608B /* Release */ = {
			isa = XCBuildConfiguration;
			buildSettings = {
				ALWAYS_SEARCH_USER_PATHS = NO;
				ASSETCATALOG_COMPILER_GENERATE_SWIFT_ASSET_SYMBOL_EXTENSIONS = YES;
				CLANG_ANALYZER_NONNULL = YES;
				CLANG_ANALYZER_NUMBER_OBJECT_CONVERSION = YES_AGGRESSIVE;
				CLANG_CXX_LANGUAGE_STANDARD = "gnu++20";
				CLANG_ENABLE_MODULES = YES;
				CLANG_ENABLE_OBJC_ARC = YES;
				CLANG_ENABLE_OBJC_WEAK = YES;
				CLANG_WARN_BLOCK_CAPTURE_AUTORELEASING = YES;
				CLANG_WARN_BOOL_CONVERSION = YES;
				CLANG_WARN_COMMA = YES;
				CLANG_WARN_CONSTANT_CONVERSION = YES;
				CLANG_WARN_DEPRECATED_OBJC_IMPLEMENTATIONS = YES;
				CLANG_WARN_DIRECT_OBJC_ISA_USAGE = YES_ERROR;
				CLANG_WARN_DOCUMENTATION_COMMENTS = YES;
				CLANG_WARN_EMPTY_BODY = YES;
				CLANG_WARN_ENUM_CONVERSION = YES;
				CLANG_WARN_INFINITE_RECURSION = YES;
				CLANG_WARN_INT_CONVERSION = YES;
				CLANG_WARN_NON_LITERAL_NULL_CONVERSION = YES;
				CLANG_WARN_OBJC_IMPLICIT_RETAIN_SELF = YES;
				CLANG_WARN_OBJC_LITERAL_CONVERSION = YES;
				CLANG_WARN_OBJC_ROOT_CLASS = YES_ERROR;
				CLANG_WARN_QUOTED_INCLUDE_IN_FRAMEWORK_HEADER = YES;
				CLANG_WARN_RANGE_LOOP_ANALYSIS = YES;
				CLANG_WARN_STRICT_PROTOTYPES = YES;
				CLANG_WARN_SUSPICIOUS_MOVE = YES;
				CLANG_WARN_UNGUARDED_AVAILABILITY = YES_AGGRESSIVE;
				CLANG_WARN_UNREACHABLE_CODE = YES;
				CLANG_WARN__DUPLICATE_METHOD_MATCH = YES;
				COPY_PHASE_STRIP = NO;
				DEBUG_INFORMATION_FORMAT = "dwarf-with-dsym";
				ENABLE_NS_ASSERTIONS = NO;
				ENABLE_STRICT_OBJC_MSGSEND = YES;
				ENABLE_USER_SCRIPT_SANDBOXING = YES;
				GCC_C_LANGUAGE_STANDARD = gnu17;
				GCC_NO_COMMON_BLOCKS = YES;
				GCC_WARN_64_TO_32_BIT_CONVERSION = YES;
				GCC_WARN_ABOUT_RETURN_TYPE = YES_ERROR;
				GCC_WARN_UNDECLARED_SELECTOR = YES;
				GCC_WARN_UNINITIALIZED_AUTOS = YES_AGGRESSIVE;
				GCC_WARN_UNUSED_FUNCTION = YES;
				GCC_WARN_UNUSED_VARIABLE = YES;
				IPHONEOS_DEPLOYMENT_TARGET = 18.2;
				LOCALIZATION_PREFERS_STRING_CATALOGS = YES;
				MTL_ENABLE_DEBUG_INFO = NO;
				MTL_FAST_MATH = YES;
				SDKROOT = iphoneos;
				SWIFT_COMPILATION_MODE = wholemodule;
				VALIDATE_PRODUCT = YES;
			};
			name = Release;
		};
		7CD2BA4A2DA2AD620004608B /* Debug */ = {
			isa = XCBuildConfiguration;
			buildSettings = {
				ASSETCATALOG_COMPILER_APPICON_NAME = AppIcon;
				ASSETCATALOG_COMPILER_GLOBAL_ACCENT_COLOR_NAME = AccentColor;
				CODE_SIGN_ENTITLEMENTS = KB2/KB2.entitlements;
				CODE_SIGN_STYLE = Automatic;
				CURRENT_PROJECT_VERSION = 2;
				DEFINES_MODULE = YES;
				DEVELOPMENT_TEAM = 4FG9HV6926;
				GENERATE_INFOPLIST_FILE = YES;
				INFOPLIST_KEY_UIApplicationSupportsIndirectInputEvents = YES;
				INFOPLIST_KEY_UILaunchStoryboardName = LaunchScreen;
				INFOPLIST_KEY_UIMainStoryboardFile = Main;
				INFOPLIST_KEY_UIStatusBarHidden = YES;
				INFOPLIST_KEY_UISupportedInterfaceOrientations = UIInterfaceOrientationPortrait;
				LD_RUNPATH_SEARCH_PATHS = (
					"$(inherited)",
					"@executable_path/Frameworks",
				);
				MARKETING_VERSION = 1.0;
				PRODUCT_BUNDLE_IDENTIFIER = com.trainingstate.KB2;
				PRODUCT_NAME = "$(TARGET_NAME)";
				SUPPORTED_PLATFORMS = "iphoneos iphonesimulator";
				SUPPORTS_MACCATALYST = NO;
				SUPPORTS_MAC_DESIGNED_FOR_IPHONE_IPAD = NO;
				SUPPORTS_XR_DESIGNED_FOR_IPHONE_IPAD = NO;
				SWIFT_EMIT_LOC_STRINGS = YES;
				SWIFT_VERSION = 5.0;
				TARGETED_DEVICE_FAMILY = 1;
			};
			name = Debug;
		};
		7CD2BA4B2DA2AD620004608B /* Release */ = {
			isa = XCBuildConfiguration;
			buildSettings = {
				ASSETCATALOG_COMPILER_APPICON_NAME = AppIcon;
				ASSETCATALOG_COMPILER_GLOBAL_ACCENT_COLOR_NAME = AccentColor;
				CODE_SIGN_ENTITLEMENTS = KB2/KB2.entitlements;
				CODE_SIGN_STYLE = Automatic;
				CURRENT_PROJECT_VERSION = 2;
				DEFINES_MODULE = YES;
				DEVELOPMENT_TEAM = 4FG9HV6926;
				GENERATE_INFOPLIST_FILE = YES;
				INFOPLIST_KEY_UIApplicationSupportsIndirectInputEvents = YES;
				INFOPLIST_KEY_UILaunchStoryboardName = LaunchScreen;
				INFOPLIST_KEY_UIMainStoryboardFile = Main;
				INFOPLIST_KEY_UIStatusBarHidden = YES;
				INFOPLIST_KEY_UISupportedInterfaceOrientations = UIInterfaceOrientationPortrait;
				LD_RUNPATH_SEARCH_PATHS = (
					"$(inherited)",
					"@executable_path/Frameworks",
				);
				MARKETING_VERSION = 1.0;
				PRODUCT_BUNDLE_IDENTIFIER = com.trainingstate.KB2;
				PRODUCT_NAME = "$(TARGET_NAME)";
				SUPPORTED_PLATFORMS = "iphoneos iphonesimulator";
				SUPPORTS_MACCATALYST = NO;
				SUPPORTS_MAC_DESIGNED_FOR_IPHONE_IPAD = NO;
				SUPPORTS_XR_DESIGNED_FOR_IPHONE_IPAD = NO;
				SWIFT_EMIT_LOC_STRINGS = YES;
				SWIFT_VERSION = 5.0;
				TARGETED_DEVICE_FAMILY = 1;
			};
			name = Release;
		};
/* End XCBuildConfiguration section */

/* Begin XCConfigurationList section */
		7C10CC602DC2F43E00FC9C3A /* Build configuration list for PBXNativeTarget "KB2Tests" */ = {
			isa = XCConfigurationList;
			buildConfigurations = (
				7C10CC612DC2F43E00FC9C3A /* Debug */,
				7C10CC622DC2F43E00FC9C3A /* Release */,
			);
			defaultConfigurationIsVisible = 0;
			defaultConfigurationName = Release;
		};
		7CD2BA2D2DA2AD610004608B /* Build configuration list for PBXProject "KB2" */ = {
			isa = XCConfigurationList;
			buildConfigurations = (
				7CD2BA472DA2AD620004608B /* Debug */,
				7CD2BA482DA2AD620004608B /* Release */,
			);
			defaultConfigurationIsVisible = 0;
			defaultConfigurationName = Release;
		};
		7CD2BA492DA2AD620004608B /* Build configuration list for PBXNativeTarget "KB2" */ = {
			isa = XCConfigurationList;
			buildConfigurations = (
				7CD2BA4A2DA2AD620004608B /* Debug */,
				7CD2BA4B2DA2AD620004608B /* Release */,
			);
			defaultConfigurationIsVisible = 0;
			defaultConfigurationName = Release;
		};
/* End XCConfigurationList section */
	};
	rootObject = 7CD2BA2A2DA2AD610004608B /* Project object */;
}
